<?xml version="1.0" encoding="utf-8"?>
<Project ToolsVersion="4.0" xmlns="http://schemas.microsoft.com/developer/msbuild/2003">
  <ItemGroup>
    <Filter Include="Исходные файлы">
      <UniqueIdentifier>{4FC737F1-C7A5-4376-A066-2A32D752A2FF}</UniqueIdentifier>
      <Extensions>cpp;c;cc;cxx;def;odl;idl;hpj;bat;asm;asmx</Extensions>
    </Filter>
    <Filter Include="Файлы заголовков">
      <UniqueIdentifier>{93995380-89BD-4b04-88EB-625FBE52EBFB}</UniqueIdentifier>
      <Extensions>h;hh;hpp;hxx;hm;inl;inc;ipp;xsd</Extensions>
    </Filter>
    <Filter Include="Файлы ресурсов">
      <UniqueIdentifier>{67DA6AB6-F800-4c08-8B7A-83BB121AAD01}</UniqueIdentifier>
      <Extensions>rc;ico;cur;bmp;dlg;rc2;rct;bin;rgs;gif;jpg;jpeg;jpe;resx;tiff;tif;png;wav;mfcribbon-ms</Extensions>
    </Filter>
    <Filter Include="Исходные файлы\ExpressionTypes">
      <UniqueIdentifier>{faf86c02-7f82-44f4-9cc7-c61dcd3f18d0}</UniqueIdentifier>
    </Filter>
    <Filter Include="Файлы заголовков\ExpressionTypes">
      <UniqueIdentifier>{7bccf8a5-58ce-4697-bfdf-728ebe1711f1}</UniqueIdentifier>
    </Filter>
    <Filter Include="Исходные файлы\Values">
      <UniqueIdentifier>{542a0e8d-809a-4fa4-801d-58419355bf80}</UniqueIdentifier>
    </Filter>
    <Filter Include="Файлы заголовков\Values">
      <UniqueIdentifier>{4b89e4dc-06d0-4aac-a11f-5264e2ac8aff}</UniqueIdentifier>
    </Filter>
    <Filter Include="Файлы заголовков\Statements">
      <UniqueIdentifier>{9773dfb6-8b11-4c50-8bbe-21384eefdc1f}</UniqueIdentifier>
    </Filter>
    <Filter Include="Исходные файлы\Statements">
      <UniqueIdentifier>{d293eb0c-7a1f-4bb6-b221-c6ee991a907e}</UniqueIdentifier>
    </Filter>
  </ItemGroup>
  <ItemGroup>
    <ClCompile Include="main.cpp">
      <Filter>Исходные файлы</Filter>
    </ClCompile>
    <ClCompile Include="Token.cpp">
      <Filter>Исходные файлы</Filter>
    </ClCompile>
    <ClCompile Include="Lexer.cpp">
      <Filter>Исходные файлы</Filter>
    </ClCompile>
    <ClCompile Include="Parser.cpp">
      <Filter>Исходные файлы</Filter>
    </ClCompile>
    <ClCompile Include="IntegerExpression.cpp">
      <Filter>Исходные файлы\ExpressionTypes</Filter>
    </ClCompile>
    <ClCompile Include="BinaryOperationExpression.cpp">
      <Filter>Исходные файлы\ExpressionTypes</Filter>
    </ClCompile>
    <ClCompile Include="IntegerValue.cpp">
      <Filter>Исходные файлы\Values</Filter>
    </ClCompile>
    <ClCompile Include="TextExpression.cpp">
      <Filter>Исходные файлы\ExpressionTypes</Filter>
    </ClCompile>
    <ClCompile Include="TextValue.cpp">
      <Filter>Исходные файлы\Values</Filter>
    </ClCompile>
    <ClCompile Include="FileHandler.cpp">
      <Filter>Исходные файлы</Filter>
    </ClCompile>
    <ClCompile Include="Variables.cpp">
      <Filter>Исходные файлы\Values</Filter>
    </ClCompile>
    <ClCompile Include="BasicStatement.cpp">
      <Filter>Исходные файлы\Statements</Filter>
    </ClCompile>
    <ClCompile Include="AssignStatement.cpp">
      <Filter>Исходные файлы\Statements</Filter>
    </ClCompile>
    <ClCompile Include="PrintStatement.cpp">
      <Filter>Исходные файлы\Statements</Filter>
    </ClCompile>
  </ItemGroup>
  <ItemGroup>
    <ClInclude Include="TokenTypes.h">
      <Filter>Файлы заголовков</Filter>
    </ClInclude>
    <ClInclude Include="Token.h">
      <Filter>Файлы заголовков</Filter>
    </ClInclude>
    <ClInclude Include="Lexer.h">
      <Filter>Файлы заголовков</Filter>
    </ClInclude>
    <ClInclude Include="Parser.h">
      <Filter>Файлы заголовков</Filter>
    </ClInclude>
    <ClInclude Include="Expression.h">
      <Filter>Файлы заголовков\ExpressionTypes</Filter>
    </ClInclude>
    <ClInclude Include="IntegerExpression.h">
      <Filter>Файлы заголовков\ExpressionTypes</Filter>
    </ClInclude>
    <ClInclude Include="BinaryOperationExpression.h">
      <Filter>Файлы заголовков\ExpressionTypes</Filter>
    </ClInclude>
    <ClInclude Include="Value.h">
      <Filter>Файлы заголовков\Values</Filter>
    </ClInclude>
    <ClInclude Include="IntegerValue.h">
      <Filter>Файлы заголовков\Values</Filter>
    </ClInclude>
    <ClInclude Include="TextExpression.h">
      <Filter>Файлы заголовков\ExpressionTypes</Filter>
    </ClInclude>
    <ClInclude Include="TextValue.h">
      <Filter>Файлы заголовков\Values</Filter>
    </ClInclude>
    <ClInclude Include="FileHandler.h">
      <Filter>Файлы заголовков</Filter>
    </ClInclude>
    <ClInclude Include="Variables.h">
      <Filter>Файлы заголовков\Values</Filter>
    </ClInclude>
    <ClInclude Include="Statement.h">
      <Filter>Файлы заголовков\Statements</Filter>
    </ClInclude>
    <ClInclude Include="BasicStatement.h">
      <Filter>Файлы заголовков\Statements</Filter>
    </ClInclude>
    <ClInclude Include="AssignStatement.h">
      <Filter>Файлы заголовков\Statements</Filter>
    </ClInclude>
    <ClInclude Include="PrintStatement.h">
      <Filter>Файлы заголовков\Statements</Filter>
    </ClInclude>
  </ItemGroup>
</Project>